
Microsoft Visual Studio Solution File, Format Version 12.00
# Visual Studio Version 17
VisualStudioVersion = 17.4.33205.214
MinimumVisualStudioVersion = 10.0.40219.1
Project("{FAE04EC0-301F-11D3-BF4B-00C04F79EFBC}") = "VAT Calculator", "VAT Calculator\VAT Calculator.csproj", "{EF252EEB-0767-4887-B3E1-E2AAC0B74283}"
EndProject
Global
	GlobalSection(SolutionConfigurationPlatforms) = preSolution
		Debug|Any CPU = Debug|Any CPU
		Release|Any CPU = Release|Any CPU
	EndGlobalSection
	GlobalSection(ProjectConfigurationPlatforms) = postSolution
		{EF252EEB-0767-4887-B3E1-E2AAC0B74283}.Debug|Any CPU.ActiveCfg = Debug|Any CPU
		{EF252EEB-0767-4887-B3E1-E2AAC0B74283}.Debug|Any CPU.Build.0 = Debug|Any CPU
		{EF252EEB-0767-4887-B3E1-E2AAC0B74283}.Release|Any CPU.ActiveCfg = Release|Any CPU
		{EF252EEB-0767-4887-B3E1-E2AAC0B74283}.Release|Any CPU.Build.0 = Release|Any CPU
	EndGlobalSection
	GlobalSection(SolutionProperties) = preSolution
		HideSolutionNode = FALSE
	EndGlobalSection
	GlobalSection(ExtensibilityGlobals) = postSolution
		SolutionGuid = {46208320-D881-4542-9309-C143F9CA7BDE}
	EndGlobalSection
EndGlobal
